
Microsoft Visual Studio Solution File, Format Version 12.00
# Visual Studio 15
VisualStudioVersion = 15.0.27130.2027
MinimumVisualStudioVersion = 10.0.40219.1
Project("{FAE04EC0-301F-11D3-BF4B-00C04F79EFBC}") = "HeroOfAngular", "HeroOfAngular\HeroOfAngular.csproj", "{12E20995-F73B-45EE-B802-8650AE94E74B}"
EndProject
Global
	GlobalSection(SolutionConfigurationPlatforms) = preSolution
		Debug|Any CPU = Debug|Any CPU
		Release|Any CPU = Release|Any CPU
	EndGlobalSection
	GlobalSection(ProjectConfigurationPlatforms) = postSolution
		{12E20995-F73B-45EE-B802-8650AE94E74B}.Debug|Any CPU.ActiveCfg = Debug|Any CPU
		{12E20995-F73B-45EE-B802-8650AE94E74B}.Debug|Any CPU.Build.0 = Debug|Any CPU
		{12E20995-F73B-45EE-B802-8650AE94E74B}.Release|Any CPU.ActiveCfg = Release|Any CPU
		{12E20995-F73B-45EE-B802-8650AE94E74B}.Release|Any CPU.Build.0 = Release|Any CPU
	EndGlobalSection
	GlobalSection(SolutionProperties) = preSolution
		HideSolutionNode = FALSE
	EndGlobalSection
	GlobalSection(ExtensibilityGlobals) = postSolution
		SolutionGuid = {EF239A2C-2416-4820-81F1-B3CCB39EAC03}
	EndGlobalSection
EndGlobal
